{
  "name": "ajs_nodejs",
  "version": "1.0.0",
  "lockfileVersion": 3,
  "requires": true,
  "packages": {
    "": {
      "name": "ajs_nodejs",
      "version": "1.0.0",
      "license": "ISC",
      "dependencies": {
        "@kinyapina/ajs": "^1.0.0"
      }
    },
    "node_modules/@kinyapina/ajs": {
      "version": "1.0.0",
      "resolved": "https://npm.pkg.github.com/download/@kinyapina/ajs/1.0.0/7c5b4e0cec6c0d9648523363e9e6b53ea5c2de8d",
      "integrity": "sha512-jqSa7f+cq0b36xYBbk5JFMxA/MitW+VDNRMPgBPJYxXxP+okVMr/Cwl/J8X4sUFwzGKMmMm4FFeeun04gzevdg==",
      "license": "ISC"
    }
  }
}
